
Microsoft Visual Studio Solution File, Format Version 12.00
# Visual Studio Version 17
VisualStudioVersion = 17.11.35327.3
MinimumVisualStudioVersion = 10.0.40219.1
Project("{FAE04EC0-301F-11D3-BF4B-00C04F79EFBC}") = "AutoWypozyczalniaFajna", "AutoWypozyczalniaFajna\AutoWypozyczalniaFajna.csproj", "{3BAFBE03-C602-4933-98D8-B0ADD0E478A9}"
EndProject
Global
	GlobalSection(SolutionConfigurationPlatforms) = preSolution
		Debug|Any CPU = Debug|Any CPU
		Release|Any CPU = Release|Any CPU
	EndGlobalSection
	GlobalSection(ProjectConfigurationPlatforms) = postSolution
		{3BAFBE03-C602-4933-98D8-B0ADD0E478A9}.Debug|Any CPU.ActiveCfg = Debug|Any CPU
		{3BAFBE03-C602-4933-98D8-B0ADD0E478A9}.Debug|Any CPU.Build.0 = Debug|Any CPU
		{3BAFBE03-C602-4933-98D8-B0ADD0E478A9}.Release|Any CPU.ActiveCfg = Release|Any CPU
		{3BAFBE03-C602-4933-98D8-B0ADD0E478A9}.Release|Any CPU.Build.0 = Release|Any CPU
	EndGlobalSection
	GlobalSection(SolutionProperties) = preSolution
		HideSolutionNode = FALSE
	EndGlobalSection
	GlobalSection(ExtensibilityGlobals) = postSolution
		SolutionGuid = {2D8F11C1-5602-49BC-A1B7-19BEA5C4E7A2}
	EndGlobalSection
EndGlobal
